
Microsoft Visual Studio Solution File, Format Version 12.00
# Visual Studio Version 16
VisualStudioVersion = 16.0.31205.134
MinimumVisualStudioVersion = 10.0.40219.1
Project("{FAE04EC0-301F-11D3-BF4B-00C04F79EFBC}") = "Teste", "Teste\Teste.csproj", "{01221CB7-C64C-4B83-9047-C0E503B63C44}"
EndProject
Global
	GlobalSection(SolutionConfigurationPlatforms) = preSolution
		Debug|Any CPU = Debug|Any CPU
		Release|Any CPU = Release|Any CPU
	EndGlobalSection
	GlobalSection(ProjectConfigurationPlatforms) = postSolution
		{01221CB7-C64C-4B83-9047-C0E503B63C44}.Debug|Any CPU.ActiveCfg = Debug|Any CPU
		{01221CB7-C64C-4B83-9047-C0E503B63C44}.Debug|Any CPU.Build.0 = Debug|Any CPU
		{01221CB7-C64C-4B83-9047-C0E503B63C44}.Release|Any CPU.ActiveCfg = Release|Any CPU
		{01221CB7-C64C-4B83-9047-C0E503B63C44}.Release|Any CPU.Build.0 = Release|Any CPU
	EndGlobalSection
	GlobalSection(SolutionProperties) = preSolution
		HideSolutionNode = FALSE
	EndGlobalSection
	GlobalSection(ExtensibilityGlobals) = postSolution
		SolutionGuid = {86F159B3-D4D2-4174-8DF5-E6C1E2C8A2FA}
	EndGlobalSection
EndGlobal
